// !$*UTF8*$!
{
	archiveVersion = 1;
	classes = {
	};
	objectVersion = 77;
	objects = {

/* Begin PBXContainerItemProxy section */
		4DFCE92D2F03BCB000B1D8B7 /* PBXContainerItemProxy */ = {
			isa = PBXContainerItemProxy;
			containerPortal = 4DFCE9162F03BCAE00B1D8B7 /* Project object */;
			proxyType = 1;
			remoteGlobalIDString = 4DFCE91D2F03BCAE00B1D8B7;
			remoteInfo = S;
		};
		4DFCE9372F03BCB000B1D8B7 /* PBXContainerItemProxy */ = {
			isa = PBXContainerItemProxy;
			containerPortal = 4DFCE9162F03BCAE00B1D8B7 /* Project object */;
			proxyType = 1;
			remoteGlobalIDString = 4DFCE91D2F03BCAE00B1D8B7;
			remoteInfo = S;
		};
/* End PBXContainerItemProxy section */

/* Begin PBXFileReference section */
		4DFCE91E2F03BCAE00B1D8B7 /* S.app */ = {isa = PBXFileReference; explicitFileType = wrapper.application; includeInIndex = 0; path = S.app; sourceTree = BUILT_PRODUCTS_DIR; };
		4DFCE92C2F03BCB000B1D8B7 /* STests.xctest */ = {isa = PBXFileReference; explicitFileType = wrapper.cfbundle; includeInIndex = 0; path = STests.xctest; sourceTree = BUILT_PRODUCTS_DIR; };
		4DFCE9362F03BCB000B1D8B7 /* SUITests.xctest */ = {isa = PBXFileReference; explicitFileType = wrapper.cfbundle; includeInIndex = 0; path = SUITests.xctest; sourceTree = BUILT_PRODUCTS_DIR; };
/* End PBXFileReference section */

/* Begin PBXFileSystemSynchronizedRootGroup section */
		4DFCE9202F03BCAE00B1D8B7 /* S */ = {
			isa = PBXFileSystemSynchronizedRootGroup;
			path = S;
			sourceTree = "<group>";
		};
		4DFCE92F2F03BCB000B1D8B7 /* STests */ = {
			isa = PBXFileSystemSynchronizedRootGroup;
			path = STests;
			sourceTree = "<group>";
		};
		4DFCE9392F03BCB000B1D8B7 /* SUITests */ = {
			isa = PBXFileSystemSynchronizedRootGroup;
			path = SUITests;
			sourceTree = "<group>";
		};
/* End PBXFileSystemSynchronizedRootGroup section */

/* Begin PBXFrameworksBuildPhase section */
		4DFCE91B2F03BCAE00B1D8B7 /* Frameworks */ = {
			isa = PBXFrameworksBuildPhase;
			buildActionMask = 2147483647;
			files = (
			);
			runOnlyForDeploymentPostprocessing = 0;
		};
		4DFCE9292F03BCB000B1D8B7 /* Frameworks */ = {
			isa = PBXFrameworksBuildPhase;
			buildActionMask = 2147483647;
			files = (
			);
			runOnlyForDeploymentPostprocessing = 0;
		};
		4DFCE9332F03BCB000B1D8B7 /* Frameworks */ = {
			isa = PBXFrameworksBuildPhase;
			buildActionMask = 2147483647;
			files = (
			);
			runOnlyForDeploymentPostprocessing = 0;
		};
/* End PBXFrameworksBuildPhase section */

/* Begin PBXGroup section */
		4DFCE9152F03BCAE00B1D8B7 = {
			isa = PBXGroup;
			children = (
				4DFCE9202F03BCAE00B1D8B7 /* S */,
				4DFCE92F2F03BCB000B1D8B7 /* STests */,
				4DFCE9392F03BCB000B1D8B7 /* SUITests */,
				4DFCE91F2F03BCAE00B1D8B7 /* Products */,
			);
			sourceTree = "<group>";
		};
		4DFCE91F2F03BCAE00B1D8B7 /* Products */ = {
			isa = PBXGroup;
			children = (
				4DFCE91E2F03BCAE00B1D8B7 /* S.app */,
				4DFCE92C2F03BCB000B1D8B7 /* STests.xctest */,
				4DFCE9362F03BCB000B1D8B7 /* SUITests.xctest */,
			);
			name = Products;
			sourceTree = "<group>";
		};
/* End PBXGroup section */

/* Begin PBXNativeTarget section */
		4DFCE91D2F03BCAE00B1D8B7 /* S */ = {
			isa = PBXNativeTarget;
			buildConfigurationList = 4DFCE9402F03BCB000B1D8B7 /* Build configuration list for PBXNativeTarget "S" */;
			buildPhases = (
				4DFCE91A2F03BCAE00B1D8B7 /* Sources */,
				4DFCE91B2F03BCAE00B1D8B7 /* Frameworks */,
				4DFCE91C2F03BCAE00B1D8B7 /* Resources */,
			);
			buildRules = (
			);
			dependencies = (
			);
			fileSystemSynchronizedGroups = (
				4DFCE9202F03BCAE00B1D8B7 /* S */,
			);
			name = S;
			packageProductDependencies = (
			);
			productName = S;
			productReference = 4DFCE91E2F03BCAE00B1D8B7 /* S.app */;
			productType = "com.apple.product-type.application";
		};
		4DFCE92B2F03BCB000B1D8B7 /* STests */ = {
			isa = PBXNativeTarget;
			buildConfigurationList = 4DFCE9432F03BCB000B1D8B7 /* Build configuration list for PBXNativeTarget "STests" */;
			buildPhases = (
				4DFCE9282F03BCB000B1D8B7 /* Sources */,
				4DFCE9292F03BCB000B1D8B7 /* Frameworks */,
				4DFCE92A2F03BCB000B1D8B7 /* Resources */,
			);
			buildRules = (
			);
			dependencies = (
				4DFCE92E2F03BCB000B1D8B7 /* PBXTargetDependency */,
			);
			fileSystemSynchronizedGroups = (
				4DFCE92F2F03BCB000B1D8B7 /* STests */,
			);
			name = STests;
			packageProductDependencies = (
			);
			productName = STests;
			productReference = 4DFCE92C2F03BCB000B1D8B7 /* STests.xctest */;
			productType = "com.apple.product-type.bundle.unit-test";
		};
		4DFCE9352F03BCB000B1D8B7 /* SUITests */ = {
			isa = PBXNativeTarget;
			buildConfigurationList = 4DFCE9462F03BCB000B1D8B7 /* Build configuration list for PBXNativeTarget "SUITests" */;
			buildPhases = (
				4DFCE9322F03BCB000B1D8B7 /* Sources */,
				4DFCE9332F03BCB000B1D8B7 /* Frameworks */,
				4DFCE9342F03BCB000B1D8B7 /* Resources */,
			);
			buildRules = (
			);
			dependencies = (
				4DFCE9382F03BCB000B1D8B7 /* PBXTargetDependency */,
			);
			fileSystemSynchronizedGroups = (
				4DFCE9392F03BCB000B1D8B7 /* SUITests */,
			);
			name = SUITests;
			packageProductDependencies = (
			);
			productName = SUITests;
			productReference = 4DFCE9362F03BCB000B1D8B7 /* SUITests.xctest */;
			productType = "com.apple.product-type.bundle.ui-testing";
		};
/* End PBXNativeTarget section */

/* Begin PBXProject section */
		4DFCE9162F03BCAE00B1D8B7 /* Project object */ = {
			isa = PBXProject;
			attributes = {
				BuildIndependentTargetsInParallel = 1;
				LastSwiftUpdateCheck = 1640;
				LastUpgradeCheck = 1640;
				TargetAttributes = {
					4DFCE91D2F03BCAE00B1D8B7 = {
						CreatedOnToolsVersion = 16.4;
					};
					4DFCE92B2F03BCB000B1D8B7 = {
						CreatedOnToolsVersion = 16.4;
						TestTargetID = 4DFCE91D2F03BCAE00B1D8B7;
					};
					4DFCE9352F03BCB000B1D8B7 = {
						CreatedOnToolsVersion = 16.4;
						TestTargetID = 4DFCE91D2F03BCAE00B1D8B7;
					};
				};
			};
			buildConfigurationList = 4DFCE9192F03BCAE00B1D8B7 /* Build configuration list for PBXProject "S" */;
			developmentRegion = en;
			hasScannedForEncodings = 0;
			knownRegions = (
				en,
				Base,
			);
			mainGroup = 4DFCE9152F03BCAE00B1D8B7;
			minimizedProjectReferenceProxies = 1;
			preferredProjectObjectVersion = 77;
			productRefGroup = 4DFCE91F2F03BCAE00B1D8B7 /* Products */;
			projectDirPath = "";
			projectRoot = "";
			targets = (
				4DFCE91D2F03BCAE00B1D8B7 /* S */,
				4DFCE92B2F03BCB000B1D8B7 /* STests */,
				4DFCE9352F03BCB000B1D8B7 /* SUITests */,
			);
		};
/* End PBXProject section */

/* Begin PBXResourcesBuildPhase section */
		4DFCE91C2F03BCAE00B1D8B7 /* Resources */ = {
			isa = PBXResourcesBuildPhase;
			buildActionMask = 2147483647;
			files = (
			);
			runOnlyForDeploymentPostprocessing = 0;
		};
		4DFCE92A2F03BCB000B1D8B7 /* Resources */ = {
			isa = PBXResourcesBuildPhase;
			buildActionMask = 2147483647;
			files = (
			);
			runOnlyForDeploymentPostprocessing = 0;
		};
		4DFCE9342F03BCB000B1D8B7 /* Resources */ = {
			isa = PBXResourcesBuildPhase;
			buildActionMask = 2147483647;
			files = (
			);
			runOnlyForDeploymentPostprocessing = 0;
		};
/* End PBXResourcesBuildPhase section */

/* Begin PBXSourcesBuildPhase section */
		4DFCE91A2F03BCAE00B1D8B7 /* Sources */ = {
			isa = PBXSourcesBuildPhase;
			buildActionMask = 2147483647;
			files = (
			);
			runOnlyForDeploymentPostprocessing = 0;
		};
		4DFCE9282F03BCB000B1D8B7 /* Sources */ = {
			isa = PBXSourcesBuildPhase;
			buildActionMask = 2147483647;
			files = (
			);
			runOnlyForDeploymentPostprocessing = 0;
		};
		4DFCE9322F03BCB000B1D8B7 /* Sources */ = {
			isa = PBXSourcesBuildPhase;
			buildActionMask = 2147483647;
			files = (
			);
			runOnlyForDeploymentPostprocessing = 0;
		};
/* End PBXSourcesBuildPhase section */

/* Begin PBXTargetDependency section */
		4DFCE92E2F03BCB000B1D8B7 /* PBXTargetDependency */ = {
			isa = PBXTargetDependency;
			target = 4DFCE91D2F03BCAE00B1D8B7 /* S */;
			targetProxy = 4DFCE92D2F03BCB000B1D8B7 /* PBXContainerItemProxy */;
		};
		4DFCE9382F03BCB000B1D8B7 /* PBXTargetDependency */ = {
			isa = PBXTargetDependency;
			target = 4DFCE91D2F03BCAE00B1D8B7 /* S */;
			targetProxy = 4DFCE9372F03BCB000B1D8B7 /* PBXContainerItemProxy */;
		};
/* End PBXTargetDependency section */

/* Begin XCBuildConfiguration section */
		4DFCE93E2F03BCB000B1D8B7 /* Debug */ = {
			isa = XCBuildConfiguration;
			buildSettings = {
				ALWAYS_SEARCH_USER_PATHS = NO;
				ASSETCATALOG_COMPILER_GENERATE_SWIFT_ASSET_SYMBOL_EXTENSIONS = YES;
				CLANG_ANALYZER_NONNULL = YES;
				CLANG_ANALYZER_NUMBER_OBJECT_CONVERSION = YES_AGGRESSIVE;
				CLANG_CXX_LANGUAGE_STANDARD = "gnu++20";
				CLANG_ENABLE_MODULES = YES;
				CLANG_ENABLE_OBJC_ARC = YES;
				CLANG_ENABLE_OBJC_WEAK = YES;
				CLANG_WARN_BLOCK_CAPTURE_AUTORELEASING = YES;
				CLANG_WARN_BOOL_CONVERSION = YES;
				CLANG_WARN_COMMA = YES;
				CLANG_WARN_CONSTANT_CONVERSION = YES;
				CLANG_WARN_DEPRECATED_OBJC_IMPLEMENTATIONS = YES;
				CLANG_WARN_DIRECT_OBJC_ISA_USAGE = YES_ERROR;
				CLANG_WARN_DOCUMENTATION_COMMENTS = YES;
				CLANG_WARN_EMPTY_BODY = YES;
				CLANG_WARN_ENUM_CONVERSION = YES;
				CLANG_WARN_INFINITE_RECURSION = YES;
				CLANG_WARN_INT_CONVERSION = YES;
				CLANG_WARN_NON_LITERAL_NULL_CONVERSION = YES;
				CLANG_WARN_OBJC_IMPLICIT_RETAIN_SELF = YES;
				CLANG_WARN_OBJC_LITERAL_CONVERSION = YES;
				CLANG_WARN_OBJC_ROOT_CLASS = YES_ERROR;
				CLANG_WARN_QUOTED_INCLUDE_IN_FRAMEWORK_HEADER = YES;
				CLANG_WARN_RANGE_LOOP_ANALYSIS = YES;
				CLANG_WARN_STRICT_PROTOTYPES = YES;
				CLANG_WARN_SUSPICIOUS_MOVE = YES;
				CLANG_WARN_UNGUARDED_AVAILABILITY = YES_AGGRESSIVE;
				CLANG_WARN_UNREACHABLE_CODE = YES;
				CLANG_WARN__DUPLICATE_METHOD_MATCH = YES;
				COPY_PHASE_STRIP = NO;
				DEBUG_INFORMATION_FORMAT = dwarf;
				DEVELOPMENT_TEAM = LS7TZ5J7XU;
				ENABLE_STRICT_OBJC_MSGSEND = YES;
				ENABLE_TESTABILITY = YES;
				ENABLE_USER_SCRIPT_SANDBOXING = YES;
				GCC_C_LANGUAGE_STANDARD = gnu17;
				GCC_DYNAMIC_NO_PIC = NO;
				GCC_NO_COMMON_BLOCKS = YES;
				GCC_OPTIMIZATION_LEVEL = 0;
				GCC_PREPROCESSOR_DEFINITIONS = (
					"DEBUG=1",
					"$(inherited)",
				);
				GCC_WARN_64_TO_32_BIT_CONVERSION = YES;
				GCC_WARN_ABOUT_RETURN_TYPE = YES_ERROR;
				GCC_WARN_UNDECLARED_SELECTOR = YES;
				GCC_WARN_UNINITIALIZED_AUTOS = YES_AGGRESSIVE;
				GCC_WARN_UNUSED_FUNCTION = YES;
				GCC_WARN_UNUSED_VARIABLE = YES;
				LOCALIZATION_PREFERS_STRING_CATALOGS = YES;
				MACOSX_DEPLOYMENT_TARGET = 15.5;
				MTL_ENABLE_DEBUG_INFO = INCLUDE_SOURCE;
				MTL_FAST_MATH = YES;
				ONLY_ACTIVE_ARCH = YES;
				SDKROOT = macosx;
				SWIFT_ACTIVE_COMPILATION_CONDITIONS = "DEBUG $(inherited)";
				SWIFT_OPTIMIZATION_LEVEL = "-Onone";
			};
			name = Debug;
		};
		4DFCE93F2F03BCB000B1D8B7 /* Release */ = {
			isa = XCBuildConfiguration;
			buildSettings = {
				ALWAYS_SEARCH_USER_PATHS = NO;
				ASSETCATALOG_COMPILER_GENERATE_SWIFT_ASSET_SYMBOL_EXTENSIONS = YES;
				CLANG_ANALYZER_NONNULL = YES;
				CLANG_ANALYZER_NUMBER_OBJECT_CONVERSION = YES_AGGRESSIVE;
				CLANG_CXX_LANGUAGE_STANDARD = "gnu++20";
				CLANG_ENABLE_MODULES = YES;
				CLANG_ENABLE_OBJC_ARC = YES;
				CLANG_ENABLE_OBJC_WEAK = YES;
				CLANG_WARN_BLOCK_CAPTURE_AUTORELEASING = YES;
				CLANG_WARN_BOOL_CONVERSION = YES;
				CLANG_WARN_COMMA = YES;
				CLANG_WARN_CONSTANT_CONVERSION = YES;
				CLANG_WARN_DEPRECATED_OBJC_IMPLEMENTATIONS = YES;
				CLANG_WARN_DIRECT_OBJC_ISA_USAGE = YES_ERROR;
				CLANG_WARN_DOCUMENTATION_COMMENTS = YES;
				CLANG_WARN_EMPTY_BODY = YES;
				CLANG_WARN_ENUM_CONVERSION = YES;
				CLANG_WARN_INFINITE_RECURSION = YES;
				CLANG_WARN_INT_CONVERSION = YES;
				CLANG_WARN_NON_LITERAL_NULL_CONVERSION = YES;
				CLANG_WARN_OBJC_IMPLICIT_RETAIN_SELF = YES;
				CLANG_WARN_OBJC_LITERAL_CONVERSION = YES;
				CLANG_WARN_OBJC_ROOT_CLASS = YES_ERROR;
				CLANG_WARN_QUOTED_INCLUDE_IN_FRAMEWORK_HEADER = YES;
				CLANG_WARN_RANGE_LOOP_ANALYSIS = YES;
				CLANG_WARN_STRICT_PROTOTYPES = YES;
				CLANG_WARN_SUSPICIOUS_MOVE = YES;
				CLANG_WARN_UNGUARDED_AVAILABILITY = YES_AGGRESSIVE;
				CLANG_WARN_UNREACHABLE_CODE = YES;
				CLANG_WARN__DUPLICATE_METHOD_MATCH = YES;
				COPY_PHASE_STRIP = NO;
				DEBUG_INFORMATION_FORMAT = "dwarf-with-dsym";
				DEVELOPMENT_TEAM = LS7TZ5J7XU;
				ENABLE_NS_ASSERTIONS = NO;
				ENABLE_STRICT_OBJC_MSGSEND = YES;
				ENABLE_USER_SCRIPT_SANDBOXING = YES;
				GCC_C_LANGUAGE_STANDARD = gnu17;
				GCC_NO_COMMON_BLOCKS = YES;
				GCC_WARN_64_TO_32_BIT_CONVERSION = YES;
				GCC_WARN_ABOUT_RETURN_TYPE = YES_ERROR;
				GCC_WARN_UNDECLARED_SELECTOR = YES;
				GCC_WARN_UNINITIALIZED_AUTOS = YES_AGGRESSIVE;
				GCC_WARN_UNUSED_FUNCTION = YES;
				GCC_WARN_UNUSED_VARIABLE = YES;
				LOCALIZATION_PREFERS_STRING_CATALOGS = YES;
				MACOSX_DEPLOYMENT_TARGET = 15.5;
				MTL_ENABLE_DEBUG_INFO = NO;
				MTL_FAST_MATH = YES;
				SDKROOT = macosx;
				SWIFT_COMPILATION_MODE = wholemodule;
			};
			name = Release;
		};
		4DFCE9412F03BCB000B1D8B7 /* Debug */ = {
			isa = XCBuildConfiguration;
			buildSettings = {
				ASSETCATALOG_COMPILER_APPICON_NAME = AppIcon;
				ASSETCATALOG_COMPILER_GLOBAL_ACCENT_COLOR_NAME = AccentColor;
				CODE_SIGN_ENTITLEMENTS = S/S.entitlements;
				CODE_SIGN_STYLE = Automatic;
				COMBINE_HIDPI_IMAGES = YES;
				CURRENT_PROJECT_VERSION = 1;
				DEVELOPMENT_TEAM = LS7TZ5J7XU;
				ENABLE_HARDENED_RUNTIME = YES;
				ENABLE_PREVIEWS = YES;
				GENERATE_INFOPLIST_FILE = YES;
				INFOPLIST_KEY_NSHumanReadableCopyright = "";
				LD_RUNPATH_SEARCH_PATHS = (
					"$(inherited)",
					"@executable_path/../Frameworks",
				);
				MARKETING_VERSION = 1.0;
				PRODUCT_BUNDLE_IDENTIFIER = com.mindcraft.notifier.S;
				PRODUCT_NAME = "$(TARGET_NAME)";
				REGISTER_APP_GROUPS = YES;
				SWIFT_EMIT_LOC_STRINGS = YES;
				SWIFT_VERSION = 5.0;
			};
			name = Debug;
		};
		4DFCE9422F03BCB000B1D8B7 /* Release */ = {
			isa = XCBuildConfiguration;
			buildSettings = {
				ASSETCATALOG_COMPILER_APPICON_NAME = AppIcon;
				ASSETCATALOG_COMPILER_GLOBAL_ACCENT_COLOR_NAME = AccentColor;
				CODE_SIGN_ENTITLEMENTS = S/S.entitlements;
				CODE_SIGN_STYLE = Automatic;
				COMBINE_HIDPI_IMAGES = YES;
				CURRENT_PROJECT_VERSION = 1;
				DEVELOPMENT_TEAM = LS7TZ5J7XU;
				ENABLE_HARDENED_RUNTIME = YES;
				ENABLE_PREVIEWS = YES;
				GENERATE_INFOPLIST_FILE = YES;
				INFOPLIST_KEY_NSHumanReadableCopyright = "";
				LD_RUNPATH_SEARCH_PATHS = (
					"$(inherited)",
					"@executable_path/../Frameworks",
				);
				MARKETING_VERSION = 1.0;
				PRODUCT_BUNDLE_IDENTIFIER = com.mindcraft.notifier.S;
				PRODUCT_NAME = "$(TARGET_NAME)";
				REGISTER_APP_GROUPS = YES;
				SWIFT_EMIT_LOC_STRINGS = YES;
				SWIFT_VERSION = 5.0;
			};
			name = Release;
		};
		4DFCE9442F03BCB000B1D8B7 /* Debug */ = {
			isa = XCBuildConfiguration;
			buildSettings = {
				BUNDLE_LOADER = "$(TEST_HOST)";
				CODE_SIGN_STYLE = Automatic;
				CURRENT_PROJECT_VERSION = 1;
				DEVELOPMENT_TEAM = LS7TZ5J7XU;
				GENERATE_INFOPLIST_FILE = YES;
				MACOSX_DEPLOYMENT_TARGET = 15.5;
				MARKETING_VERSION = 1.0;
				PRODUCT_BUNDLE_IDENTIFIER = com.mindcraft.notifier.STests;
				PRODUCT_NAME = "$(TARGET_NAME)";
				SWIFT_EMIT_LOC_STRINGS = NO;
				SWIFT_VERSION = 5.0;
				TEST_HOST = "$(BUILT_PRODUCTS_DIR)/S.app/$(BUNDLE_EXECUTABLE_FOLDER_PATH)/S";
			};
			name = Debug;
		};
		4DFCE9452F03BCB000B1D8B7 /* Release */ = {
			isa = XCBuildConfiguration;
			buildSettings = {
				BUNDLE_LOADER = "$(TEST_HOST)";
				CODE_SIGN_STYLE = Automatic;
				CURRENT_PROJECT_VERSION = 1;
				DEVELOPMENT_TEAM = LS7TZ5J7XU;
				GENERATE_INFOPLIST_FILE = YES;
				MACOSX_DEPLOYMENT_TARGET = 15.5;
				MARKETING_VERSION = 1.0;
				PRODUCT_BUNDLE_IDENTIFIER = com.mindcraft.notifier.STests;
				PRODUCT_NAME = "$(TARGET_NAME)";
				SWIFT_EMIT_LOC_STRINGS = NO;
				SWIFT_VERSION = 5.0;
				TEST_HOST = "$(BUILT_PRODUCTS_DIR)/S.app/$(BUNDLE_EXECUTABLE_FOLDER_PATH)/S";
			};
			name = Release;
		};
		4DFCE9472F03BCB000B1D8B7 /* Debug */ = {
			isa = XCBuildConfiguration;
			buildSettings = {
				CODE_SIGN_STYLE = Automatic;
				CURRENT_PROJECT_VERSION = 1;
				DEVELOPMENT_TEAM = LS7TZ5J7XU;
				GENERATE_INFOPLIST_FILE = YES;
				MARKETING_VERSION = 1.0;
				PRODUCT_BUNDLE_IDENTIFIER = com.mindcraft.notifier.SUITests;
				PRODUCT_NAME = "$(TARGET_NAME)";
				SWIFT_EMIT_LOC_STRINGS = NO;
				SWIFT_VERSION = 5.0;
				TEST_TARGET_NAME = S;
			};
			name = Debug;
		};
		4DFCE9482F03BCB000B1D8B7 /* Release */ = {
			isa = XCBuildConfiguration;
			buildSettings = {
				CODE_SIGN_STYLE = Automatic;
				CURRENT_PROJECT_VERSION = 1;
				DEVELOPMENT_TEAM = LS7TZ5J7XU;
				GENERATE_INFOPLIST_FILE = YES;
				MARKETING_VERSION = 1.0;
				PRODUCT_BUNDLE_IDENTIFIER = com.mindcraft.notifier.SUITests;
				PRODUCT_NAME = "$(TARGET_NAME)";
				SWIFT_EMIT_LOC_STRINGS = NO;
				SWIFT_VERSION = 5.0;
				TEST_TARGET_NAME = S;
			};
			name = Release;
		};
/* End XCBuildConfiguration section */

/* Begin XCConfigurationList section */
		4DFCE9192F03BCAE00B1D8B7 /* Build configuration list for PBXProject "S" */ = {
			isa = XCConfigurationList;
			buildConfigurations = (
				4DFCE93E2F03BCB000B1D8B7 /* Debug */,
				4DFCE93F2F03BCB000B1D8B7 /* Release */,
			);
			defaultConfigurationIsVisible = 0;
			defaultConfigurationName = Release;
		};
		4DFCE9402F03BCB000B1D8B7 /* Build configuration list for PBXNativeTarget "S" */ = {
			isa = XCConfigurationList;
			buildConfigurations = (
				4DFCE9412F03BCB000B1D8B7 /* Debug */,
				4DFCE9422F03BCB000B1D8B7 /* Release */,
			);
			defaultConfigurationIsVisible = 0;
			defaultConfigurationName = Release;
		};
		4DFCE9432F03BCB000B1D8B7 /* Build configuration list for PBXNativeTarget "STests" */ = {
			isa = XCConfigurationList;
			buildConfigurations = (
				4DFCE9442F03BCB000B1D8B7 /* Debug */,
				4DFCE9452F03BCB000B1D8B7 /* Release */,
			);
			defaultConfigurationIsVisible = 0;
			defaultConfigurationName = Release;
		};
		4DFCE9462F03BCB000B1D8B7 /* Build configuration list for PBXNativeTarget "SUITests" */ = {
			isa = XCConfigurationList;
			buildConfigurations = (
				4DFCE9472F03BCB000B1D8B7 /* Debug */,
				4DFCE9482F03BCB000B1D8B7 /* Release */,
			);
			defaultConfigurationIsVisible = 0;
			defaultConfigurationName = Release;
		};
/* End XCConfigurationList section */
	};
	rootObject = 4DFCE9162F03BCAE00B1D8B7 /* Project object */;
}
